// !$*UTF8*$!
{
	archiveVersion = 1;
	classes = {
	};
	objectVersion = 46;
	objects = {

/* Begin PBXBuildFile section */
		565032D81C9EC9AA009CB4C8 /* main.m in Sources */ = {isa = PBXBuildFile; fileRef = 565032D71C9EC9AA009CB4C8 /* main.m */; };
		565032E01C9EC9CA009CB4C8 /* List.m in Sources */ = {isa = PBXBuildFile; fileRef = 565032DF1C9EC9CA009CB4C8 /* List.m */; };
/* End PBXBuildFile section */

/* Begin PBXCopyFilesBuildPhase section */
		565032D21C9EC9AA009CB4C8 /* CopyFiles */ = {
			isa = PBXCopyFilesBuildPhase;
			buildActionMask = 2147483647;
			dstPath = /usr/share/man/man1/;
			dstSubfolderSpec = 0;
			files = (
			);
			runOnlyForDeploymentPostprocessing = 1;
		};
/* End PBXCopyFilesBuildPhase section */

/* Begin PBXFileReference section */
		565032D41C9EC9AA009CB4C8 /* Objective-C线性表顺序结构 */ = {isa = PBXFileReference; explicitFileType = "compiled.mach-o.executable"; includeInIndex = 0; path = "Objective-C线性表顺序结构"; sourceTree = BUILT_PRODUCTS_DIR; };
		565032D71C9EC9AA009CB4C8 /* main.m */ = {isa = PBXFileReference; lastKnownFileType = sourcecode.c.objc; path = main.m; sourceTree = "<group>"; };
		565032DE1C9EC9CA009CB4C8 /* List.h */ = {isa = PBXFileReference; fileEncoding = 4; lastKnownFileType = sourcecode.c.h; path = List.h; sourceTree = "<group>"; };
		565032DF1C9EC9CA009CB4C8 /* List.m */ = {isa = PBXFileReference; fileEncoding = 4; lastKnownFileType = sourcecode.c.objc; path = List.m; sourceTree = "<group>"; };
/* End PBXFileReference section */

/* Begin PBXFrameworksBuildPhase section */
		565032D11C9EC9AA009CB4C8 /* Frameworks */ = {
			isa = PBXFrameworksBuildPhase;
			buildActionMask = 2147483647;
			files = (
			);
			runOnlyForDeploymentPostprocessing = 0;
		};
/* End PBXFrameworksBuildPhase section */

/* Begin PBXGroup section */
		565032CB1C9EC9AA009CB4C8 = {
			isa = PBXGroup;
			children = (
				565032D61C9EC9AA009CB4C8 /* Objective-C线性表顺序结构 */,
				565032D51C9EC9AA009CB4C8 /* Products */,
			);
			sourceTree = "<group>";
		};
		565032D51C9EC9AA009CB4C8 /* Products */ = {
			isa = PBXGroup;
			children = (
				565032D41C9EC9AA009CB4C8 /* Objective-C线性表顺序结构 */,
			);
			name = Products;
			sourceTree = "<group>";
		};
		565032D61C9EC9AA009CB4C8 /* Objective-C线性表顺序结构 */ = {
			isa = PBXGroup;
			children = (
				565032D71C9EC9AA009CB4C8 /* main.m */,
				565032DE1C9EC9CA009CB4C8 /* List.h */,
				565032DF1C9EC9CA009CB4C8 /* List.m */,
			);
			path = "Objective-C线性表顺序结构";
			sourceTree = "<group>";
		};
/* End PBXGroup section */

/* Begin PBXNativeTarget section */
		565032D31C9EC9AA009CB4C8 /* Objective-C线性表顺序结构 */ = {
			isa = PBXNativeTarget;
			buildConfigurationList = 565032DB1C9EC9AA009CB4C8 /* Build configuration list for PBXNativeTarget "Objective-C线性表顺序结构" */;
			buildPhases = (
				565032D01C9EC9AA009CB4C8 /* Sources */,
				565032D11C9EC9AA009CB4C8 /* Frameworks */,
				565032D21C9EC9AA009CB4C8 /* CopyFiles */,
			);
			buildRules = (
			);
			dependencies = (
			);
			name = "Objective-C线性表顺序结构";
			productName = "Objective-C线性表顺序结构";
			productReference = 565032D41C9EC9AA009CB4C8 /* Objective-C线性表顺序结构 */;
			productType = "com.apple.product-type.tool";
		};
/* End PBXNativeTarget section */

/* Begin PBXProject section */
		565032CC1C9EC9AA009CB4C8 /* Project object */ = {
			isa = PBXProject;
			attributes = {
				LastUpgradeCheck = 0720;
				ORGANIZATIONNAME = Lix;
				TargetAttributes = {
					565032D31C9EC9AA009CB4C8 = {
						CreatedOnToolsVersion = 7.2;
					};
				};
			};
			buildConfigurationList = 565032CF1C9EC9AA009CB4C8 /* Build configuration list for PBXProject "Objective-C线性表顺序结构" */;
			compatibilityVersion = "Xcode 3.2";
			developmentRegion = English;
			hasScannedForEncodings = 0;
			knownRegions = (
				en,
			);
			mainGroup = 565032CB1C9EC9AA009CB4C8;
			productRefGroup = 565032D51C9EC9AA009CB4C8 /* Products */;
			projectDirPath = "";
			projectRoot = "";
			targets = (
				565032D31C9EC9AA009CB4C8 /* Objective-C线性表顺序结构 */,
			);
		};
/* End PBXProject section */

/* Begin PBXSourcesBuildPhase section */
		565032D01C9EC9AA009CB4C8 /* Sources */ = {
			isa = PBXSourcesBuildPhase;
			buildActionMask = 2147483647;
			files = (
				565032D81C9EC9AA009CB4C8 /* main.m in Sources */,
				565032E01C9EC9CA009CB4C8 /* List.m in Sources */,
			);
			runOnlyForDeploymentPostprocessing = 0;
		};
/* End PBXSourcesBuildPhase section */

/* Begin XCBuildConfiguration section */
		565032D91C9EC9AA009CB4C8 /* Debug */ = {
			isa = XCBuildConfiguration;
			buildSettings = {
				ALWAYS_SEARCH_USER_PATHS = NO;
				CLANG_CXX_LANGUAGE_STANDARD = "gnu++0x";
				CLANG_CXX_LIBRARY = "libc++";
				CLANG_ENABLE_MODULES = YES;
				CLANG_ENABLE_OBJC_ARC = YES;
				CLANG_WARN_BOOL_CONVERSION = YES;
				CLANG_WARN_CONSTANT_CONVERSION = YES;
				CLANG_WARN_DIRECT_OBJC_ISA_USAGE = YES_ERROR;
				CLANG_WARN_EMPTY_BODY = YES;
				CLANG_WARN_ENUM_CONVERSION = YES;
				CLANG_WARN_INT_CONVERSION = YES;
				CLANG_WARN_OBJC_ROOT_CLASS = YES_ERROR;
				CLANG_WARN_UNREACHABLE_CODE = YES;
				CLANG_WARN__DUPLICATE_METHOD_MATCH = YES;
				CODE_SIGN_IDENTITY = "-";
				COPY_PHASE_STRIP = NO;
				DEBUG_INFORMATION_FORMAT = dwarf;
				ENABLE_STRICT_OBJC_MSGSEND = YES;
				ENABLE_TESTABILITY = YES;
				GCC_C_LANGUAGE_STANDARD = gnu99;
				GCC_DYNAMIC_NO_PIC = NO;
				GCC_NO_COMMON_BLOCKS = YES;
				GCC_OPTIMIZATION_LEVEL = 0;
				GCC_PREPROCESSOR_DEFINITIONS = (
					"DEBUG=1",
					"$(inherited)",
				);
				GCC_WARN_64_TO_32_BIT_CONVERSION = YES;
				GCC_WARN_ABOUT_RETURN_TYPE = YES_ERROR;
				GCC_WARN_UNDECLARED_SELECTOR = YES;
				GCC_WARN_UNINITIALIZED_AUTOS = YES_AGGRESSIVE;
				GCC_WARN_UNUSED_FUNCTION = YES;
				GCC_WARN_UNUSED_VARIABLE = YES;
				MACOSX_DEPLOYMENT_TARGET = 10.11;
				MTL_ENABLE_DEBUG_INFO = YES;
				ONLY_ACTIVE_ARCH = YES;
				SDKROOT = macosx;
			};
			name = Debug;
		};
		565032DA1C9EC9AA009CB4C8 /* Release */ = {
			isa = XCBuildConfiguration;
			buildSettings = {
				ALWAYS_SEARCH_USER_PATHS = NO;
				CLANG_CXX_LANGUAGE_STANDARD = "gnu++0x";
				CLANG_CXX_LIBRARY = "libc++";
				CLANG_ENABLE_MODULES = YES;
				CLANG_ENABLE_OBJC_ARC = YES;
				CLANG_WARN_BOOL_CONVERSION = YES;
				CLANG_WARN_CONSTANT_CONVERSION = YES;
				CLANG_WARN_DIRECT_OBJC_ISA_USAGE = YES_ERROR;
				CLANG_WARN_EMPTY_BODY = YES;
				CLANG_WARN_ENUM_CONVERSION = YES;
				CLANG_WARN_INT_CONVERSION = YES;
				CLANG_WARN_OBJC_ROOT_CLASS = YES_ERROR;
				CLANG_WARN_UNREACHABLE_CODE = YES;
				CLANG_WARN__DUPLICATE_METHOD_MATCH = YES;
				CODE_SIGN_IDENTITY = "-";
				COPY_PHASE_STRIP = NO;
				DEBUG_INFORMATION_FORMAT = "dwarf-with-dsym";
				ENABLE_NS_ASSERTIONS = NO;
				ENABLE_STRICT_OBJC_MSGSEND = YES;
				GCC_C_LANGUAGE_STANDARD = gnu99;
				GCC_NO_COMMON_BLOCKS = YES;
				GCC_WARN_64_TO_32_BIT_CONVERSION = YES;
				GCC_WARN_ABOUT_RETURN_TYPE = YES_ERROR;
				GCC_WARN_UNDECLARED_SELECTOR = YES;
				GCC_WARN_UNINITIALIZED_AUTOS = YES_AGGRESSIVE;
				GCC_WARN_UNUSED_FUNCTION = YES;
				GCC_WARN_UNUSED_VARIABLE = YES;
				MACOSX_DEPLOYMENT_TARGET = 10.11;
				MTL_ENABLE_DEBUG_INFO = NO;
				SDKROOT = macosx;
			};
			name = Release;
		};
		565032DC1C9EC9AA009CB4C8 /* Debug */ = {
			isa = XCBuildConfiguration;
			buildSettings = {
				PRODUCT_NAME = "$(TARGET_NAME)";
			};
			name = Debug;
		};
		565032DD1C9EC9AA009CB4C8 /* Release */ = {
			isa = XCBuildConfiguration;
			buildSettings = {
				PRODUCT_NAME = "$(TARGET_NAME)";
			};
			name = Release;
		};
/* End XCBuildConfiguration section */

/* Begin XCConfigurationList section */
		565032CF1C9EC9AA009CB4C8 /* Build configuration list for PBXProject "Objective-C线性表顺序结构" */ = {
			isa = XCConfigurationList;
			buildConfigurations = (
				565032D91C9EC9AA009CB4C8 /* Debug */,
				565032DA1C9EC9AA009CB4C8 /* Release */,
			);
			defaultConfigurationIsVisible = 0;
			defaultConfigurationName = Release;
		};
		565032DB1C9EC9AA009CB4C8 /* Build configuration list for PBXNativeTarget "Objective-C线性表顺序结构" */ = {
			isa = XCConfigurationList;
			buildConfigurations = (
				565032DC1C9EC9AA009CB4C8 /* Debug */,
				565032DD1C9EC9AA009CB4C8 /* Release */,
			);
			defaultConfigurationIsVisible = 0;
		};
/* End XCConfigurationList section */
	};
	rootObject = 565032CC1C9EC9AA009CB4C8 /* Project object */;
}
